
Microsoft Visual Studio Solution File, Format Version 12.00
# Visual Studio 2013
VisualStudioVersion = 12.0.30723.0
MinimumVisualStudioVersion = 10.0.40219.1
Project("{FAE04EC0-301F-11D3-BF4B-00C04F79EFBC}") = "LibraryServer", "LibraryServer\LibraryServer.csproj", "{D39F1B40-8EF7-450F-A07A-6F7E82515763}"
EndProject
Project("{FAE04EC0-301F-11D3-BF4B-00C04F79EFBC}") = "Library.Model", "Library.Model\Library.Model.csproj", "{3CA6CB0C-82B4-4204-BFF6-B4A7A755C5F3}"
EndProject
Project("{FAE04EC0-301F-11D3-BF4B-00C04F79EFBC}") = "Library.DAL", "Library.DAL\Library.DAL.csproj", "{4EE428D0-D3E0-478B-A675-C0F22237255C}"
EndProject
Project("{FAE04EC0-301F-11D3-BF4B-00C04F79EFBC}") = "Library.BLL", "Library.BLL\Library.BLL.csproj", "{CC08D9C5-F5C8-42B1-8D35-7531BF0822E3}"
EndProject
Global
	GlobalSection(SolutionConfigurationPlatforms) = preSolution
		Debug|Any CPU = Debug|Any CPU
		Release|Any CPU = Release|Any CPU
	EndGlobalSection
	GlobalSection(ProjectConfigurationPlatforms) = postSolution
		{D39F1B40-8EF7-450F-A07A-6F7E82515763}.Debug|Any CPU.ActiveCfg = Debug|Any CPU
		{D39F1B40-8EF7-450F-A07A-6F7E82515763}.Debug|Any CPU.Build.0 = Debug|Any CPU
		{D39F1B40-8EF7-450F-A07A-6F7E82515763}.Release|Any CPU.ActiveCfg = Release|Any CPU
		{D39F1B40-8EF7-450F-A07A-6F7E82515763}.Release|Any CPU.Build.0 = Release|Any CPU
		{3CA6CB0C-82B4-4204-BFF6-B4A7A755C5F3}.Debug|Any CPU.ActiveCfg = Debug|Any CPU
		{3CA6CB0C-82B4-4204-BFF6-B4A7A755C5F3}.Debug|Any CPU.Build.0 = Debug|Any CPU
		{3CA6CB0C-82B4-4204-BFF6-B4A7A755C5F3}.Release|Any CPU.ActiveCfg = Release|Any CPU
		{3CA6CB0C-82B4-4204-BFF6-B4A7A755C5F3}.Release|Any CPU.Build.0 = Release|Any CPU
		{4EE428D0-D3E0-478B-A675-C0F22237255C}.Debug|Any CPU.ActiveCfg = Debug|Any CPU
		{4EE428D0-D3E0-478B-A675-C0F22237255C}.Debug|Any CPU.Build.0 = Debug|Any CPU
		{4EE428D0-D3E0-478B-A675-C0F22237255C}.Release|Any CPU.ActiveCfg = Release|Any CPU
		{4EE428D0-D3E0-478B-A675-C0F22237255C}.Release|Any CPU.Build.0 = Release|Any CPU
		{CC08D9C5-F5C8-42B1-8D35-7531BF0822E3}.Debug|Any CPU.ActiveCfg = Debug|Any CPU
		{CC08D9C5-F5C8-42B1-8D35-7531BF0822E3}.Debug|Any CPU.Build.0 = Debug|Any CPU
		{CC08D9C5-F5C8-42B1-8D35-7531BF0822E3}.Release|Any CPU.ActiveCfg = Release|Any CPU
		{CC08D9C5-F5C8-42B1-8D35-7531BF0822E3}.Release|Any CPU.Build.0 = Release|Any CPU
	EndGlobalSection
	GlobalSection(SolutionProperties) = preSolution
		HideSolutionNode = FALSE
	EndGlobalSection
EndGlobal
